
Microsoft Visual Studio Solution File, Format Version 12.00
# Visual Studio Version 17
VisualStudioVersion = 17.11.35327.3
MinimumVisualStudioVersion = 10.0.40219.1
Project("{FAE04EC0-301F-11D3-BF4B-00C04F79EFBC}") = "WindowGUI", "WindowGUI\WindowGUI.csproj", "{835FBA17-E135-4661-9E9F-5C898B1AEAFE}"
EndProject
Global
	GlobalSection(SolutionConfigurationPlatforms) = preSolution
		Debug|Any CPU = Debug|Any CPU
		Release|Any CPU = Release|Any CPU
	EndGlobalSection
	GlobalSection(ProjectConfigurationPlatforms) = postSolution
		{835FBA17-E135-4661-9E9F-5C898B1AEAFE}.Debug|Any CPU.ActiveCfg = Debug|Any CPU
		{835FBA17-E135-4661-9E9F-5C898B1AEAFE}.Debug|Any CPU.Build.0 = Debug|Any CPU
		{835FBA17-E135-4661-9E9F-5C898B1AEAFE}.Release|Any CPU.ActiveCfg = Release|Any CPU
		{835FBA17-E135-4661-9E9F-5C898B1AEAFE}.Release|Any CPU.Build.0 = Release|Any CPU
	EndGlobalSection
	GlobalSection(SolutionProperties) = preSolution
		HideSolutionNode = FALSE
	EndGlobalSection
	GlobalSection(ExtensibilityGlobals) = postSolution
		SolutionGuid = {C96A364C-44CC-4E81-89A8-A4463B79822E}
	EndGlobalSection
EndGlobal
